// !$*UTF8*$!
{
	archiveVersion = 1;
	classes = {
	};
	objectVersion = 56;
	objects = {

/* Begin PBXBuildFile section */
		A70B3F562BEE329600B975B0 /* AppDelegate.swift in Sources */ = {isa = PBXBuildFile; fileRef = A70B3F552BEE329600B975B0 /* AppDelegate.swift */; };
		A70B3F582BEE329600B975B0 /* SceneDelegate.swift in Sources */ = {isa = PBXBuildFile; fileRef = A70B3F572BEE329600B975B0 /* SceneDelegate.swift */; };
		A70B3F5F2BEE329800B975B0 /* Assets.xcassets in Resources */ = {isa = PBXBuildFile; fileRef = A70B3F5E2BEE329800B975B0 /* Assets.xcassets */; };
		A70B3F622BEE329800B975B0 /* LaunchScreen.storyboard in Resources */ = {isa = PBXBuildFile; fileRef = A70B3F602BEE329800B975B0 /* LaunchScreen.storyboard */; };
		A70B3F6D2BEE329800B975B0 /* CronicaCloneTests.swift in Sources */ = {isa = PBXBuildFile; fileRef = A70B3F6C2BEE329800B975B0 /* CronicaCloneTests.swift */; };
		A70B3F772BEE329800B975B0 /* CronicaCloneUITests.swift in Sources */ = {isa = PBXBuildFile; fileRef = A70B3F762BEE329800B975B0 /* CronicaCloneUITests.swift */; };
		A70B3F792BEE329800B975B0 /* CronicaCloneUITestsLaunchTests.swift in Sources */ = {isa = PBXBuildFile; fileRef = A70B3F782BEE329800B975B0 /* CronicaCloneUITestsLaunchTests.swift */; };
		A70B3F8E2BEE3F2E00B975B0 /* Coordinator.swift in Sources */ = {isa = PBXBuildFile; fileRef = A70B3F8D2BEE3F2E00B975B0 /* Coordinator.swift */; };
		A70B3F942BEE5BDA00B975B0 /* AppCoordinator.swift in Sources */ = {isa = PBXBuildFile; fileRef = A70B3F932BEE5BDA00B975B0 /* AppCoordinator.swift */; };
		A70B3F962BEE5FD300B975B0 /* HomeCoordinator.swift in Sources */ = {isa = PBXBuildFile; fileRef = A70B3F952BEE5FD300B975B0 /* HomeCoordinator.swift */; };
		A70B3F9C2BEE73F800B975B0 /* DiscoverCoordinator.swift in Sources */ = {isa = PBXBuildFile; fileRef = A70B3F9B2BEE73F800B975B0 /* DiscoverCoordinator.swift */; };
		A70B3FA02BEE743900B975B0 /* DiscoverViewController.swift in Sources */ = {isa = PBXBuildFile; fileRef = A70B3F9F2BEE743900B975B0 /* DiscoverViewController.swift */; };
		A70B3FA22BEE744C00B975B0 /* HomeViewController.swift in Sources */ = {isa = PBXBuildFile; fileRef = A70B3FA12BEE744C00B975B0 /* HomeViewController.swift */; };
		A70B3FA42BEE745300B975B0 /* SearchViewController.swift in Sources */ = {isa = PBXBuildFile; fileRef = A70B3FA32BEE745300B975B0 /* SearchViewController.swift */; };
		A70B3FA62BEE747800B975B0 /* WatchlistViewController.swift in Sources */ = {isa = PBXBuildFile; fileRef = A70B3FA52BEE747800B975B0 /* WatchlistViewController.swift */; };
		A70B3FAC2BEE75E800B975B0 /* HomeViewModel.swift in Sources */ = {isa = PBXBuildFile; fileRef = A70B3FAB2BEE75E800B975B0 /* HomeViewModel.swift */; };
		A70B3FAE2BEE765E00B975B0 /* DiscoverViewModel.swift in Sources */ = {isa = PBXBuildFile; fileRef = A70B3FAD2BEE765E00B975B0 /* DiscoverViewModel.swift */; };
		A70B3FB02BEE766B00B975B0 /* WatchlistViewModel.swift in Sources */ = {isa = PBXBuildFile; fileRef = A70B3FAF2BEE766B00B975B0 /* WatchlistViewModel.swift */; };
		A70B3FB22BEE767600B975B0 /* SearchViewModel.swift in Sources */ = {isa = PBXBuildFile; fileRef = A70B3FB12BEE767600B975B0 /* SearchViewModel.swift */; };
		A70B3FB42BEE778D00B975B0 /* SearchCoordinator.swift in Sources */ = {isa = PBXBuildFile; fileRef = A70B3FB32BEE778D00B975B0 /* SearchCoordinator.swift */; };
		A70B3FB62BEE779700B975B0 /* WatchlistCoordinator.swift in Sources */ = {isa = PBXBuildFile; fileRef = A70B3FB52BEE779700B975B0 /* WatchlistCoordinator.swift */; };
		A70B3FF82BEEE2A900B975B0 /* TabBarItemFactory.swift in Sources */ = {isa = PBXBuildFile; fileRef = A70B3FF72BEEE2A900B975B0 /* TabBarItemFactory.swift */; };
		A70B3FFA2BEEE2CA00B975B0 /* ScreenType.swift in Sources */ = {isa = PBXBuildFile; fileRef = A70B3FF92BEEE2CA00B975B0 /* ScreenType.swift */; };
		A7FE4E772BEFC41000D20323 /* MovieDetailViewController.swift in Sources */ = {isa = PBXBuildFile; fileRef = A7FE4E762BEFC41000D20323 /* MovieDetailViewController.swift */; };
		A7FE4E7B2BEFC44100D20323 /* ActorDetailViewController.swift in Sources */ = {isa = PBXBuildFile; fileRef = A7FE4E7A2BEFC44100D20323 /* ActorDetailViewController.swift */; };
		A7FE4E7D2BEFC44C00D20323 /* MovieDetailViewModel.swift in Sources */ = {isa = PBXBuildFile; fileRef = A7FE4E7C2BEFC44C00D20323 /* MovieDetailViewModel.swift */; };
		A7FE4E7F2BEFC45400D20323 /* ActorDetailViewModel.swift in Sources */ = {isa = PBXBuildFile; fileRef = A7FE4E7E2BEFC45400D20323 /* ActorDetailViewModel.swift */; };
		A7FE4E822BEFC55700D20323 /* MovieDetailCoordinator.swift in Sources */ = {isa = PBXBuildFile; fileRef = A7FE4E812BEFC55700D20323 /* MovieDetailCoordinator.swift */; };
		A7FE4E842BEFCFB500D20323 /* MovieDetail.swift in Sources */ = {isa = PBXBuildFile; fileRef = A7FE4E832BEFCFB500D20323 /* MovieDetail.swift */; };
		A7FE4E882BF00C0500D20323 /* ActorDetailCoordinator.swift in Sources */ = {isa = PBXBuildFile; fileRef = A7FE4E872BF00C0500D20323 /* ActorDetailCoordinator.swift */; };
		A7FE4E8A2BF02E0E00D20323 /* HomeCoordinatorTests.swift in Sources */ = {isa = PBXBuildFile; fileRef = A7FE4E892BF02E0E00D20323 /* HomeCoordinatorTests.swift */; };
		A7FE4E8C2BF02FAB00D20323 /* MovieDetailCoordinatorTests.swift in Sources */ = {isa = PBXBuildFile; fileRef = A7FE4E8B2BF02FAB00D20323 /* MovieDetailCoordinatorTests.swift */; };
/* End PBXBuildFile section */

/* Begin PBXContainerItemProxy section */
		A70B3F692BEE329800B975B0 /* PBXContainerItemProxy */ = {
			isa = PBXContainerItemProxy;
			containerPortal = A70B3F4A2BEE329600B975B0 /* Project object */;
			proxyType = 1;
			remoteGlobalIDString = A70B3F512BEE329600B975B0;
			remoteInfo = CronicaClone;
		};
		A70B3F732BEE329800B975B0 /* PBXContainerItemProxy */ = {
			isa = PBXContainerItemProxy;
			containerPortal = A70B3F4A2BEE329600B975B0 /* Project object */;
			proxyType = 1;
			remoteGlobalIDString = A70B3F512BEE329600B975B0;
			remoteInfo = CronicaClone;
		};
/* End PBXContainerItemProxy section */

/* Begin PBXFileReference section */
		A70B3F522BEE329600B975B0 /* CronicaClone.app */ = {isa = PBXFileReference; explicitFileType = wrapper.application; includeInIndex = 0; path = CronicaClone.app; sourceTree = BUILT_PRODUCTS_DIR; };
		A70B3F552BEE329600B975B0 /* AppDelegate.swift */ = {isa = PBXFileReference; lastKnownFileType = sourcecode.swift; path = AppDelegate.swift; sourceTree = "<group>"; };
		A70B3F572BEE329600B975B0 /* SceneDelegate.swift */ = {isa = PBXFileReference; lastKnownFileType = sourcecode.swift; path = SceneDelegate.swift; sourceTree = "<group>"; };
		A70B3F5E2BEE329800B975B0 /* Assets.xcassets */ = {isa = PBXFileReference; lastKnownFileType = folder.assetcatalog; path = Assets.xcassets; sourceTree = "<group>"; };
		A70B3F612BEE329800B975B0 /* Base */ = {isa = PBXFileReference; lastKnownFileType = file.storyboard; name = Base; path = Base.lproj/LaunchScreen.storyboard; sourceTree = "<group>"; };
		A70B3F632BEE329800B975B0 /* Info.plist */ = {isa = PBXFileReference; lastKnownFileType = text.plist.xml; path = Info.plist; sourceTree = "<group>"; };
		A70B3F682BEE329800B975B0 /* CronicaCloneTests.xctest */ = {isa = PBXFileReference; explicitFileType = wrapper.cfbundle; includeInIndex = 0; path = CronicaCloneTests.xctest; sourceTree = BUILT_PRODUCTS_DIR; };
		A70B3F6C2BEE329800B975B0 /* CronicaCloneTests.swift */ = {isa = PBXFileReference; lastKnownFileType = sourcecode.swift; path = CronicaCloneTests.swift; sourceTree = "<group>"; };
		A70B3F722BEE329800B975B0 /* CronicaCloneUITests.xctest */ = {isa = PBXFileReference; explicitFileType = wrapper.cfbundle; includeInIndex = 0; path = CronicaCloneUITests.xctest; sourceTree = BUILT_PRODUCTS_DIR; };
		A70B3F762BEE329800B975B0 /* CronicaCloneUITests.swift */ = {isa = PBXFileReference; lastKnownFileType = sourcecode.swift; path = CronicaCloneUITests.swift; sourceTree = "<group>"; };
		A70B3F782BEE329800B975B0 /* CronicaCloneUITestsLaunchTests.swift */ = {isa = PBXFileReference; lastKnownFileType = sourcecode.swift; path = CronicaCloneUITestsLaunchTests.swift; sourceTree = "<group>"; };
		A70B3F8D2BEE3F2E00B975B0 /* Coordinator.swift */ = {isa = PBXFileReference; lastKnownFileType = sourcecode.swift; path = Coordinator.swift; sourceTree = "<group>"; };
		A70B3F932BEE5BDA00B975B0 /* AppCoordinator.swift */ = {isa = PBXFileReference; lastKnownFileType = sourcecode.swift; path = AppCoordinator.swift; sourceTree = "<group>"; };
		A70B3F952BEE5FD300B975B0 /* HomeCoordinator.swift */ = {isa = PBXFileReference; lastKnownFileType = sourcecode.swift; path = HomeCoordinator.swift; sourceTree = "<group>"; };
		A70B3F9B2BEE73F800B975B0 /* DiscoverCoordinator.swift */ = {isa = PBXFileReference; lastKnownFileType = sourcecode.swift; path = DiscoverCoordinator.swift; sourceTree = "<group>"; };
		A70B3F9F2BEE743900B975B0 /* DiscoverViewController.swift */ = {isa = PBXFileReference; lastKnownFileType = sourcecode.swift; path = DiscoverViewController.swift; sourceTree = "<group>"; };
		A70B3FA12BEE744C00B975B0 /* HomeViewController.swift */ = {isa = PBXFileReference; lastKnownFileType = sourcecode.swift; path = HomeViewController.swift; sourceTree = "<group>"; };
		A70B3FA32BEE745300B975B0 /* SearchViewController.swift */ = {isa = PBXFileReference; lastKnownFileType = sourcecode.swift; path = SearchViewController.swift; sourceTree = "<group>"; };
		A70B3FA52BEE747800B975B0 /* WatchlistViewController.swift */ = {isa = PBXFileReference; lastKnownFileType = sourcecode.swift; path = WatchlistViewController.swift; sourceTree = "<group>"; };
		A70B3FAB2BEE75E800B975B0 /* HomeViewModel.swift */ = {isa = PBXFileReference; lastKnownFileType = sourcecode.swift; path = HomeViewModel.swift; sourceTree = "<group>"; };
		A70B3FAD2BEE765E00B975B0 /* DiscoverViewModel.swift */ = {isa = PBXFileReference; lastKnownFileType = sourcecode.swift; path = DiscoverViewModel.swift; sourceTree = "<group>"; };
		A70B3FAF2BEE766B00B975B0 /* WatchlistViewModel.swift */ = {isa = PBXFileReference; lastKnownFileType = sourcecode.swift; path = WatchlistViewModel.swift; sourceTree = "<group>"; };
		A70B3FB12BEE767600B975B0 /* SearchViewModel.swift */ = {isa = PBXFileReference; lastKnownFileType = sourcecode.swift; path = SearchViewModel.swift; sourceTree = "<group>"; };
		A70B3FB32BEE778D00B975B0 /* SearchCoordinator.swift */ = {isa = PBXFileReference; lastKnownFileType = sourcecode.swift; path = SearchCoordinator.swift; sourceTree = "<group>"; };
		A70B3FB52BEE779700B975B0 /* WatchlistCoordinator.swift */ = {isa = PBXFileReference; lastKnownFileType = sourcecode.swift; path = WatchlistCoordinator.swift; sourceTree = "<group>"; };
		A70B3FF72BEEE2A900B975B0 /* TabBarItemFactory.swift */ = {isa = PBXFileReference; lastKnownFileType = sourcecode.swift; path = TabBarItemFactory.swift; sourceTree = "<group>"; };
		A70B3FF92BEEE2CA00B975B0 /* ScreenType.swift */ = {isa = PBXFileReference; lastKnownFileType = sourcecode.swift; path = ScreenType.swift; sourceTree = "<group>"; };
		A7FE4E762BEFC41000D20323 /* MovieDetailViewController.swift */ = {isa = PBXFileReference; lastKnownFileType = sourcecode.swift; path = MovieDetailViewController.swift; sourceTree = "<group>"; };
		A7FE4E7A2BEFC44100D20323 /* ActorDetailViewController.swift */ = {isa = PBXFileReference; lastKnownFileType = sourcecode.swift; path = ActorDetailViewController.swift; sourceTree = "<group>"; };
		A7FE4E7C2BEFC44C00D20323 /* MovieDetailViewModel.swift */ = {isa = PBXFileReference; lastKnownFileType = sourcecode.swift; path = MovieDetailViewModel.swift; sourceTree = "<group>"; };
		A7FE4E7E2BEFC45400D20323 /* ActorDetailViewModel.swift */ = {isa = PBXFileReference; lastKnownFileType = sourcecode.swift; path = ActorDetailViewModel.swift; sourceTree = "<group>"; };
		A7FE4E812BEFC55700D20323 /* MovieDetailCoordinator.swift */ = {isa = PBXFileReference; lastKnownFileType = sourcecode.swift; path = MovieDetailCoordinator.swift; sourceTree = "<group>"; };
		A7FE4E832BEFCFB500D20323 /* MovieDetail.swift */ = {isa = PBXFileReference; lastKnownFileType = sourcecode.swift; path = MovieDetail.swift; sourceTree = "<group>"; };
		A7FE4E872BF00C0500D20323 /* ActorDetailCoordinator.swift */ = {isa = PBXFileReference; lastKnownFileType = sourcecode.swift; path = ActorDetailCoordinator.swift; sourceTree = "<group>"; };
		A7FE4E892BF02E0E00D20323 /* HomeCoordinatorTests.swift */ = {isa = PBXFileReference; lastKnownFileType = sourcecode.swift; path = HomeCoordinatorTests.swift; sourceTree = "<group>"; };
		A7FE4E8B2BF02FAB00D20323 /* MovieDetailCoordinatorTests.swift */ = {isa = PBXFileReference; lastKnownFileType = sourcecode.swift; path = MovieDetailCoordinatorTests.swift; sourceTree = "<group>"; };
/* End PBXFileReference section */

/* Begin PBXFrameworksBuildPhase section */
		A70B3F4F2BEE329600B975B0 /* Frameworks */ = {
			isa = PBXFrameworksBuildPhase;
			buildActionMask = 2147483647;
			files = (
			);
			runOnlyForDeploymentPostprocessing = 0;
		};
		A70B3F652BEE329800B975B0 /* Frameworks */ = {
			isa = PBXFrameworksBuildPhase;
			buildActionMask = 2147483647;
			files = (
			);
			runOnlyForDeploymentPostprocessing = 0;
		};
		A70B3F6F2BEE329800B975B0 /* Frameworks */ = {
			isa = PBXFrameworksBuildPhase;
			buildActionMask = 2147483647;
			files = (
			);
			runOnlyForDeploymentPostprocessing = 0;
		};
/* End PBXFrameworksBuildPhase section */

/* Begin PBXGroup section */
		A70B3F492BEE329600B975B0 = {
			isa = PBXGroup;
			children = (
				A70B3F542BEE329600B975B0 /* CronicaClone */,
				A70B3F6B2BEE329800B975B0 /* CronicaCloneTests */,
				A70B3F752BEE329800B975B0 /* CronicaCloneUITests */,
				A70B3F532BEE329600B975B0 /* Products */,
			);
			sourceTree = "<group>";
		};
		A70B3F532BEE329600B975B0 /* Products */ = {
			isa = PBXGroup;
			children = (
				A70B3F522BEE329600B975B0 /* CronicaClone.app */,
				A70B3F682BEE329800B975B0 /* CronicaCloneTests.xctest */,
				A70B3F722BEE329800B975B0 /* CronicaCloneUITests.xctest */,
			);
			name = Products;
			sourceTree = "<group>";
		};
		A70B3F542BEE329600B975B0 /* CronicaClone */ = {
			isa = PBXGroup;
			children = (
				A70B3F8B2BEE34EC00B975B0 /* App */,
				A70B3F8A2BEE34E400B975B0 /* Features */,
				A70B3F8C2BEE351600B975B0 /* Coordinator */,
				A70B3F882BEE34DA00B975B0 /* Models */,
				A70B3F872BEE34D400B975B0 /* Services */,
				A70B3F862BEE34D000B975B0 /* Resources */,
				A70B3F852BEE34CA00B975B0 /* Utils */,
				A70B3F5E2BEE329800B975B0 /* Assets.xcassets */,
				A70B3F632BEE329800B975B0 /* Info.plist */,
			);
			path = CronicaClone;
			sourceTree = "<group>";
		};
		A70B3F6B2BEE329800B975B0 /* CronicaCloneTests */ = {
			isa = PBXGroup;
			children = (
				A70B3F6C2BEE329800B975B0 /* CronicaCloneTests.swift */,
				A7FE4E892BF02E0E00D20323 /* HomeCoordinatorTests.swift */,
				A7FE4E8B2BF02FAB00D20323 /* MovieDetailCoordinatorTests.swift */,
			);
			path = CronicaCloneTests;
			sourceTree = "<group>";
		};
		A70B3F752BEE329800B975B0 /* CronicaCloneUITests */ = {
			isa = PBXGroup;
			children = (
				A70B3F762BEE329800B975B0 /* CronicaCloneUITests.swift */,
				A70B3F782BEE329800B975B0 /* CronicaCloneUITestsLaunchTests.swift */,
			);
			path = CronicaCloneUITests;
			sourceTree = "<group>";
		};
		A70B3F852BEE34CA00B975B0 /* Utils */ = {
			isa = PBXGroup;
			children = (
			);
			path = Utils;
			sourceTree = "<group>";
		};
		A70B3F862BEE34D000B975B0 /* Resources */ = {
			isa = PBXGroup;
			children = (
			);
			path = Resources;
			sourceTree = "<group>";
		};
		A70B3F872BEE34D400B975B0 /* Services */ = {
			isa = PBXGroup;
			children = (
			);
			path = Services;
			sourceTree = "<group>";
		};
		A70B3F882BEE34DA00B975B0 /* Models */ = {
			isa = PBXGroup;
			children = (
				A7FE4E832BEFCFB500D20323 /* MovieDetail.swift */,
			);
			path = Models;
			sourceTree = "<group>";
		};
		A70B3F8A2BEE34E400B975B0 /* Features */ = {
			isa = PBXGroup;
			children = (
				A7FE4E792BEFC41900D20323 /* ActorDetail */,
				A7FE4E782BEFC41400D20323 /* MovieDetail */,
				A70B3FA72BEE748800B975B0 /* Home */,
				A70B3FAA2BEE749A00B975B0 /* Discover */,
				A70B3FA92BEE749200B975B0 /* Watchlist */,
				A70B3FA82BEE748D00B975B0 /* Search */,
			);
			path = Features;
			sourceTree = "<group>";
		};
		A70B3F8B2BEE34EC00B975B0 /* App */ = {
			isa = PBXGroup;
			children = (
				A70B3F552BEE329600B975B0 /* AppDelegate.swift */,
				A70B3F572BEE329600B975B0 /* SceneDelegate.swift */,
				A70B3F602BEE329800B975B0 /* LaunchScreen.storyboard */,
			);
			path = App;
			sourceTree = "<group>";
		};
		A70B3F8C2BEE351600B975B0 /* Coordinator */ = {
			isa = PBXGroup;
			children = (
				A70B3F8D2BEE3F2E00B975B0 /* Coordinator.swift */,
				A70B3F932BEE5BDA00B975B0 /* AppCoordinator.swift */,
				A70B3F952BEE5FD300B975B0 /* HomeCoordinator.swift */,
				A70B3F9B2BEE73F800B975B0 /* DiscoverCoordinator.swift */,
				A70B3FB32BEE778D00B975B0 /* SearchCoordinator.swift */,
				A70B3FB52BEE779700B975B0 /* WatchlistCoordinator.swift */,
				A70B3FF72BEEE2A900B975B0 /* TabBarItemFactory.swift */,
				A70B3FF92BEEE2CA00B975B0 /* ScreenType.swift */,
				A7FE4E812BEFC55700D20323 /* MovieDetailCoordinator.swift */,
				A7FE4E872BF00C0500D20323 /* ActorDetailCoordinator.swift */,
			);
			path = Coordinator;
			sourceTree = "<group>";
		};
		A70B3FA72BEE748800B975B0 /* Home */ = {
			isa = PBXGroup;
			children = (
				A70B3FA12BEE744C00B975B0 /* HomeViewController.swift */,
				A70B3FAB2BEE75E800B975B0 /* HomeViewModel.swift */,
			);
			path = Home;
			sourceTree = "<group>";
		};
		A70B3FA82BEE748D00B975B0 /* Search */ = {
			isa = PBXGroup;
			children = (
				A70B3FA32BEE745300B975B0 /* SearchViewController.swift */,
				A70B3FB12BEE767600B975B0 /* SearchViewModel.swift */,
			);
			path = Search;
			sourceTree = "<group>";
		};
		A70B3FA92BEE749200B975B0 /* Watchlist */ = {
			isa = PBXGroup;
			children = (
				A70B3FA52BEE747800B975B0 /* WatchlistViewController.swift */,
				A70B3FAF2BEE766B00B975B0 /* WatchlistViewModel.swift */,
			);
			path = Watchlist;
			sourceTree = "<group>";
		};
		A70B3FAA2BEE749A00B975B0 /* Discover */ = {
			isa = PBXGroup;
			children = (
				A70B3F9F2BEE743900B975B0 /* DiscoverViewController.swift */,
				A70B3FAD2BEE765E00B975B0 /* DiscoverViewModel.swift */,
			);
			path = Discover;
			sourceTree = "<group>";
		};
		A7FE4E782BEFC41400D20323 /* MovieDetail */ = {
			isa = PBXGroup;
			children = (
				A7FE4E762BEFC41000D20323 /* MovieDetailViewController.swift */,
				A7FE4E7C2BEFC44C00D20323 /* MovieDetailViewModel.swift */,
			);
			path = MovieDetail;
			sourceTree = "<group>";
		};
		A7FE4E792BEFC41900D20323 /* ActorDetail */ = {
			isa = PBXGroup;
			children = (
				A7FE4E7A2BEFC44100D20323 /* ActorDetailViewController.swift */,
				A7FE4E7E2BEFC45400D20323 /* ActorDetailViewModel.swift */,
			);
			path = ActorDetail;
			sourceTree = "<group>";
		};
/* End PBXGroup section */

/* Begin PBXNativeTarget section */
		A70B3F512BEE329600B975B0 /* CronicaClone */ = {
			isa = PBXNativeTarget;
			buildConfigurationList = A70B3F7C2BEE329800B975B0 /* Build configuration list for PBXNativeTarget "CronicaClone" */;
			buildPhases = (
				A70B3F4E2BEE329600B975B0 /* Sources */,
				A70B3F4F2BEE329600B975B0 /* Frameworks */,
				A70B3F502BEE329600B975B0 /* Resources */,
			);
			buildRules = (
			);
			dependencies = (
			);
			name = CronicaClone;
			productName = CronicaClone;
			productReference = A70B3F522BEE329600B975B0 /* CronicaClone.app */;
			productType = "com.apple.product-type.application";
		};
		A70B3F672BEE329800B975B0 /* CronicaCloneTests */ = {
			isa = PBXNativeTarget;
			buildConfigurationList = A70B3F7F2BEE329800B975B0 /* Build configuration list for PBXNativeTarget "CronicaCloneTests" */;
			buildPhases = (
				A70B3F642BEE329800B975B0 /* Sources */,
				A70B3F652BEE329800B975B0 /* Frameworks */,
				A70B3F662BEE329800B975B0 /* Resources */,
			);
			buildRules = (
			);
			dependencies = (
				A70B3F6A2BEE329800B975B0 /* PBXTargetDependency */,
			);
			name = CronicaCloneTests;
			productName = CronicaCloneTests;
			productReference = A70B3F682BEE329800B975B0 /* CronicaCloneTests.xctest */;
			productType = "com.apple.product-type.bundle.unit-test";
		};
		A70B3F712BEE329800B975B0 /* CronicaCloneUITests */ = {
			isa = PBXNativeTarget;
			buildConfigurationList = A70B3F822BEE329800B975B0 /* Build configuration list for PBXNativeTarget "CronicaCloneUITests" */;
			buildPhases = (
				A70B3F6E2BEE329800B975B0 /* Sources */,
				A70B3F6F2BEE329800B975B0 /* Frameworks */,
				A70B3F702BEE329800B975B0 /* Resources */,
			);
			buildRules = (
			);
			dependencies = (
				A70B3F742BEE329800B975B0 /* PBXTargetDependency */,
			);
			name = CronicaCloneUITests;
			productName = CronicaCloneUITests;
			productReference = A70B3F722BEE329800B975B0 /* CronicaCloneUITests.xctest */;
			productType = "com.apple.product-type.bundle.ui-testing";
		};
/* End PBXNativeTarget section */

/* Begin PBXProject section */
		A70B3F4A2BEE329600B975B0 /* Project object */ = {
			isa = PBXProject;
			attributes = {
				BuildIndependentTargetsInParallel = 1;
				LastSwiftUpdateCheck = 1520;
				LastUpgradeCheck = 1520;
				TargetAttributes = {
					A70B3F512BEE329600B975B0 = {
						CreatedOnToolsVersion = 15.2;
					};
					A70B3F672BEE329800B975B0 = {
						CreatedOnToolsVersion = 15.2;
						TestTargetID = A70B3F512BEE329600B975B0;
					};
					A70B3F712BEE329800B975B0 = {
						CreatedOnToolsVersion = 15.2;
						TestTargetID = A70B3F512BEE329600B975B0;
					};
				};
			};
			buildConfigurationList = A70B3F4D2BEE329600B975B0 /* Build configuration list for PBXProject "CronicaClone" */;
			compatibilityVersion = "Xcode 14.0";
			developmentRegion = en;
			hasScannedForEncodings = 0;
			knownRegions = (
				en,
				Base,
			);
			mainGroup = A70B3F492BEE329600B975B0;
			productRefGroup = A70B3F532BEE329600B975B0 /* Products */;
			projectDirPath = "";
			projectRoot = "";
			targets = (
				A70B3F512BEE329600B975B0 /* CronicaClone */,
				A70B3F672BEE329800B975B0 /* CronicaCloneTests */,
				A70B3F712BEE329800B975B0 /* CronicaCloneUITests */,
			);
		};
/* End PBXProject section */

/* Begin PBXResourcesBuildPhase section */
		A70B3F502BEE329600B975B0 /* Resources */ = {
			isa = PBXResourcesBuildPhase;
			buildActionMask = 2147483647;
			files = (
				A70B3F622BEE329800B975B0 /* LaunchScreen.storyboard in Resources */,
				A70B3F5F2BEE329800B975B0 /* Assets.xcassets in Resources */,
			);
			runOnlyForDeploymentPostprocessing = 0;
		};
		A70B3F662BEE329800B975B0 /* Resources */ = {
			isa = PBXResourcesBuildPhase;
			buildActionMask = 2147483647;
			files = (
			);
			runOnlyForDeploymentPostprocessing = 0;
		};
		A70B3F702BEE329800B975B0 /* Resources */ = {
			isa = PBXResourcesBuildPhase;
			buildActionMask = 2147483647;
			files = (
			);
			runOnlyForDeploymentPostprocessing = 0;
		};
/* End PBXResourcesBuildPhase section */

/* Begin PBXSourcesBuildPhase section */
		A70B3F4E2BEE329600B975B0 /* Sources */ = {
			isa = PBXSourcesBuildPhase;
			buildActionMask = 2147483647;
			files = (
				A7FE4E882BF00C0500D20323 /* ActorDetailCoordinator.swift in Sources */,
				A70B3F942BEE5BDA00B975B0 /* AppCoordinator.swift in Sources */,
				A70B3FB42BEE778D00B975B0 /* SearchCoordinator.swift in Sources */,
				A70B3FB02BEE766B00B975B0 /* WatchlistViewModel.swift in Sources */,
				A70B3FAC2BEE75E800B975B0 /* HomeViewModel.swift in Sources */,
				A70B3F8E2BEE3F2E00B975B0 /* Coordinator.swift in Sources */,
				A7FE4E7F2BEFC45400D20323 /* ActorDetailViewModel.swift in Sources */,
				A7FE4E7D2BEFC44C00D20323 /* MovieDetailViewModel.swift in Sources */,
				A70B3F562BEE329600B975B0 /* AppDelegate.swift in Sources */,
				A70B3FA42BEE745300B975B0 /* SearchViewController.swift in Sources */,
				A70B3FF82BEEE2A900B975B0 /* TabBarItemFactory.swift in Sources */,
				A70B3FA22BEE744C00B975B0 /* HomeViewController.swift in Sources */,
				A70B3F582BEE329600B975B0 /* SceneDelegate.swift in Sources */,
				A70B3FB22BEE767600B975B0 /* SearchViewModel.swift in Sources */,
				A7FE4E822BEFC55700D20323 /* MovieDetailCoordinator.swift in Sources */,
				A70B3FA62BEE747800B975B0 /* WatchlistViewController.swift in Sources */,
				A7FE4E842BEFCFB500D20323 /* MovieDetail.swift in Sources */,
				A70B3F962BEE5FD300B975B0 /* HomeCoordinator.swift in Sources */,
				A7FE4E7B2BEFC44100D20323 /* ActorDetailViewController.swift in Sources */,
				A7FE4E772BEFC41000D20323 /* MovieDetailViewController.swift in Sources */,
				A70B3FB62BEE779700B975B0 /* WatchlistCoordinator.swift in Sources */,
				A70B3FAE2BEE765E00B975B0 /* DiscoverViewModel.swift in Sources */,
				A70B3FA02BEE743900B975B0 /* DiscoverViewController.swift in Sources */,
				A70B3FFA2BEEE2CA00B975B0 /* ScreenType.swift in Sources */,
				A70B3F9C2BEE73F800B975B0 /* DiscoverCoordinator.swift in Sources */,
			);
			runOnlyForDeploymentPostprocessing = 0;
		};
		A70B3F642BEE329800B975B0 /* Sources */ = {
			isa = PBXSourcesBuildPhase;
			buildActionMask = 2147483647;
			files = (
				A70B3F6D2BEE329800B975B0 /* CronicaCloneTests.swift in Sources */,
				A7FE4E8A2BF02E0E00D20323 /* HomeCoordinatorTests.swift in Sources */,
				A7FE4E8C2BF02FAB00D20323 /* MovieDetailCoordinatorTests.swift in Sources */,
			);
			runOnlyForDeploymentPostprocessing = 0;
		};
		A70B3F6E2BEE329800B975B0 /* Sources */ = {
			isa = PBXSourcesBuildPhase;
			buildActionMask = 2147483647;
			files = (
				A70B3F792BEE329800B975B0 /* CronicaCloneUITestsLaunchTests.swift in Sources */,
				A70B3F772BEE329800B975B0 /* CronicaCloneUITests.swift in Sources */,
			);
			runOnlyForDeploymentPostprocessing = 0;
		};
/* End PBXSourcesBuildPhase section */

/* Begin PBXTargetDependency section */
		A70B3F6A2BEE329800B975B0 /* PBXTargetDependency */ = {
			isa = PBXTargetDependency;
			target = A70B3F512BEE329600B975B0 /* CronicaClone */;
			targetProxy = A70B3F692BEE329800B975B0 /* PBXContainerItemProxy */;
		};
		A70B3F742BEE329800B975B0 /* PBXTargetDependency */ = {
			isa = PBXTargetDependency;
			target = A70B3F512BEE329600B975B0 /* CronicaClone */;
			targetProxy = A70B3F732BEE329800B975B0 /* PBXContainerItemProxy */;
		};
/* End PBXTargetDependency section */

/* Begin PBXVariantGroup section */
		A70B3F602BEE329800B975B0 /* LaunchScreen.storyboard */ = {
			isa = PBXVariantGroup;
			children = (
				A70B3F612BEE329800B975B0 /* Base */,
			);
			name = LaunchScreen.storyboard;
			sourceTree = "<group>";
		};
/* End PBXVariantGroup section */

/* Begin XCBuildConfiguration section */
		A70B3F7A2BEE329800B975B0 /* Debug */ = {
			isa = XCBuildConfiguration;
			buildSettings = {
				ALWAYS_SEARCH_USER_PATHS = NO;
				ASSETCATALOG_COMPILER_GENERATE_SWIFT_ASSET_SYMBOL_EXTENSIONS = YES;
				CLANG_ANALYZER_NONNULL = YES;
				CLANG_ANALYZER_NUMBER_OBJECT_CONVERSION = YES_AGGRESSIVE;
				CLANG_CXX_LANGUAGE_STANDARD = "gnu++20";
				CLANG_ENABLE_MODULES = YES;
				CLANG_ENABLE_OBJC_ARC = YES;
				CLANG_ENABLE_OBJC_WEAK = YES;
				CLANG_WARN_BLOCK_CAPTURE_AUTORELEASING = YES;
				CLANG_WARN_BOOL_CONVERSION = YES;
				CLANG_WARN_COMMA = YES;
				CLANG_WARN_CONSTANT_CONVERSION = YES;
				CLANG_WARN_DEPRECATED_OBJC_IMPLEMENTATIONS = YES;
				CLANG_WARN_DIRECT_OBJC_ISA_USAGE = YES_ERROR;
				CLANG_WARN_DOCUMENTATION_COMMENTS = YES;
				CLANG_WARN_EMPTY_BODY = YES;
				CLANG_WARN_ENUM_CONVERSION = YES;
				CLANG_WARN_INFINITE_RECURSION = YES;
				CLANG_WARN_INT_CONVERSION = YES;
				CLANG_WARN_NON_LITERAL_NULL_CONVERSION = YES;
				CLANG_WARN_OBJC_IMPLICIT_RETAIN_SELF = YES;
				CLANG_WARN_OBJC_LITERAL_CONVERSION = YES;
				CLANG_WARN_OBJC_ROOT_CLASS = YES_ERROR;
				CLANG_WARN_QUOTED_INCLUDE_IN_FRAMEWORK_HEADER = YES;
				CLANG_WARN_RANGE_LOOP_ANALYSIS = YES;
				CLANG_WARN_STRICT_PROTOTYPES = YES;
				CLANG_WARN_SUSPICIOUS_MOVE = YES;
				CLANG_WARN_UNGUARDED_AVAILABILITY = YES_AGGRESSIVE;
				CLANG_WARN_UNREACHABLE_CODE = YES;
				CLANG_WARN__DUPLICATE_METHOD_MATCH = YES;
				COPY_PHASE_STRIP = NO;
				DEBUG_INFORMATION_FORMAT = dwarf;
				ENABLE_STRICT_OBJC_MSGSEND = YES;
				ENABLE_TESTABILITY = YES;
				ENABLE_USER_SCRIPT_SANDBOXING = YES;
				GCC_C_LANGUAGE_STANDARD = gnu17;
				GCC_DYNAMIC_NO_PIC = NO;
				GCC_NO_COMMON_BLOCKS = YES;
				GCC_OPTIMIZATION_LEVEL = 0;
				GCC_PREPROCESSOR_DEFINITIONS = (
					"DEBUG=1",
					"$(inherited)",
				);
				GCC_WARN_64_TO_32_BIT_CONVERSION = YES;
				GCC_WARN_ABOUT_RETURN_TYPE = YES_ERROR;
				GCC_WARN_UNDECLARED_SELECTOR = YES;
				GCC_WARN_UNINITIALIZED_AUTOS = YES_AGGRESSIVE;
				GCC_WARN_UNUSED_FUNCTION = YES;
				GCC_WARN_UNUSED_VARIABLE = YES;
				IPHONEOS_DEPLOYMENT_TARGET = 17.2;
				LOCALIZATION_PREFERS_STRING_CATALOGS = YES;
				MTL_ENABLE_DEBUG_INFO = INCLUDE_SOURCE;
				MTL_FAST_MATH = YES;
				ONLY_ACTIVE_ARCH = YES;
				SDKROOT = iphoneos;
				SWIFT_ACTIVE_COMPILATION_CONDITIONS = "DEBUG $(inherited)";
				SWIFT_OPTIMIZATION_LEVEL = "-Onone";
			};
			name = Debug;
		};
		A70B3F7B2BEE329800B975B0 /* Release */ = {
			isa = XCBuildConfiguration;
			buildSettings = {
				ALWAYS_SEARCH_USER_PATHS = NO;
				ASSETCATALOG_COMPILER_GENERATE_SWIFT_ASSET_SYMBOL_EXTENSIONS = YES;
				CLANG_ANALYZER_NONNULL = YES;
				CLANG_ANALYZER_NUMBER_OBJECT_CONVERSION = YES_AGGRESSIVE;
				CLANG_CXX_LANGUAGE_STANDARD = "gnu++20";
				CLANG_ENABLE_MODULES = YES;
				CLANG_ENABLE_OBJC_ARC = YES;
				CLANG_ENABLE_OBJC_WEAK = YES;
				CLANG_WARN_BLOCK_CAPTURE_AUTORELEASING = YES;
				CLANG_WARN_BOOL_CONVERSION = YES;
				CLANG_WARN_COMMA = YES;
				CLANG_WARN_CONSTANT_CONVERSION = YES;
				CLANG_WARN_DEPRECATED_OBJC_IMPLEMENTATIONS = YES;
				CLANG_WARN_DIRECT_OBJC_ISA_USAGE = YES_ERROR;
				CLANG_WARN_DOCUMENTATION_COMMENTS = YES;
				CLANG_WARN_EMPTY_BODY = YES;
				CLANG_WARN_ENUM_CONVERSION = YES;
				CLANG_WARN_INFINITE_RECURSION = YES;
				CLANG_WARN_INT_CONVERSION = YES;
				CLANG_WARN_NON_LITERAL_NULL_CONVERSION = YES;
				CLANG_WARN_OBJC_IMPLICIT_RETAIN_SELF = YES;
				CLANG_WARN_OBJC_LITERAL_CONVERSION = YES;
				CLANG_WARN_OBJC_ROOT_CLASS = YES_ERROR;
				CLANG_WARN_QUOTED_INCLUDE_IN_FRAMEWORK_HEADER = YES;
				CLANG_WARN_RANGE_LOOP_ANALYSIS = YES;
				CLANG_WARN_STRICT_PROTOTYPES = YES;
				CLANG_WARN_SUSPICIOUS_MOVE = YES;
				CLANG_WARN_UNGUARDED_AVAILABILITY = YES_AGGRESSIVE;
				CLANG_WARN_UNREACHABLE_CODE = YES;
				CLANG_WARN__DUPLICATE_METHOD_MATCH = YES;
				COPY_PHASE_STRIP = NO;
				DEBUG_INFORMATION_FORMAT = "dwarf-with-dsym";
				ENABLE_NS_ASSERTIONS = NO;
				ENABLE_STRICT_OBJC_MSGSEND = YES;
				ENABLE_USER_SCRIPT_SANDBOXING = YES;
				GCC_C_LANGUAGE_STANDARD = gnu17;
				GCC_NO_COMMON_BLOCKS = YES;
				GCC_WARN_64_TO_32_BIT_CONVERSION = YES;
				GCC_WARN_ABOUT_RETURN_TYPE = YES_ERROR;
				GCC_WARN_UNDECLARED_SELECTOR = YES;
				GCC_WARN_UNINITIALIZED_AUTOS = YES_AGGRESSIVE;
				GCC_WARN_UNUSED_FUNCTION = YES;
				GCC_WARN_UNUSED_VARIABLE = YES;
				IPHONEOS_DEPLOYMENT_TARGET = 17.2;
				LOCALIZATION_PREFERS_STRING_CATALOGS = YES;
				MTL_ENABLE_DEBUG_INFO = NO;
				MTL_FAST_MATH = YES;
				SDKROOT = iphoneos;
				SWIFT_COMPILATION_MODE = wholemodule;
				VALIDATE_PRODUCT = YES;
			};
			name = Release;
		};
		A70B3F7D2BEE329800B975B0 /* Debug */ = {
			isa = XCBuildConfiguration;
			buildSettings = {
				ASSETCATALOG_COMPILER_APPICON_NAME = AppIcon;
				ASSETCATALOG_COMPILER_GLOBAL_ACCENT_COLOR_NAME = AccentColor;
				CODE_SIGN_STYLE = Automatic;
				CURRENT_PROJECT_VERSION = 1;
				DEVELOPMENT_TEAM = RZB5WTQ7UH;
				GENERATE_INFOPLIST_FILE = YES;
				INFOPLIST_FILE = CronicaClone/Info.plist;
				INFOPLIST_KEY_UIApplicationSupportsIndirectInputEvents = YES;
				INFOPLIST_KEY_UILaunchStoryboardName = LaunchScreen;
				INFOPLIST_KEY_UISupportedInterfaceOrientations = UIInterfaceOrientationPortrait;
				INFOPLIST_KEY_UISupportedInterfaceOrientations_iPad = "UIInterfaceOrientationLandscapeLeft UIInterfaceOrientationLandscapeRight UIInterfaceOrientationPortrait UIInterfaceOrientationPortraitUpsideDown";
				IPHONEOS_DEPLOYMENT_TARGET = 15.0;
				LD_RUNPATH_SEARCH_PATHS = (
					"$(inherited)",
					"@executable_path/Frameworks",
				);
				MARKETING_VERSION = 1.0;
				PRODUCT_BUNDLE_IDENTIFIER = com.hakanor.CronicaClone;
				PRODUCT_NAME = "$(TARGET_NAME)";
				SUPPORTED_PLATFORMS = "iphoneos iphonesimulator";
				SUPPORTS_MACCATALYST = NO;
				SUPPORTS_MAC_DESIGNED_FOR_IPHONE_IPAD = NO;
				SUPPORTS_XR_DESIGNED_FOR_IPHONE_IPAD = NO;
				SWIFT_EMIT_LOC_STRINGS = YES;
				SWIFT_VERSION = 5.0;
				TARGETED_DEVICE_FAMILY = 1;
			};
			name = Debug;
		};
		A70B3F7E2BEE329800B975B0 /* Release */ = {
			isa = XCBuildConfiguration;
			buildSettings = {
				ASSETCATALOG_COMPILER_APPICON_NAME = AppIcon;
				ASSETCATALOG_COMPILER_GLOBAL_ACCENT_COLOR_NAME = AccentColor;
				CODE_SIGN_STYLE = Automatic;
				CURRENT_PROJECT_VERSION = 1;
				DEVELOPMENT_TEAM = RZB5WTQ7UH;
				GENERATE_INFOPLIST_FILE = YES;
				INFOPLIST_FILE = CronicaClone/Info.plist;
				INFOPLIST_KEY_UIApplicationSupportsIndirectInputEvents = YES;
				INFOPLIST_KEY_UILaunchStoryboardName = LaunchScreen;
				INFOPLIST_KEY_UISupportedInterfaceOrientations = UIInterfaceOrientationPortrait;
				INFOPLIST_KEY_UISupportedInterfaceOrientations_iPad = "UIInterfaceOrientationLandscapeLeft UIInterfaceOrientationLandscapeRight UIInterfaceOrientationPortrait UIInterfaceOrientationPortraitUpsideDown";
				IPHONEOS_DEPLOYMENT_TARGET = 15.0;
				LD_RUNPATH_SEARCH_PATHS = (
					"$(inherited)",
					"@executable_path/Frameworks",
				);
				MARKETING_VERSION = 1.0;
				PRODUCT_BUNDLE_IDENTIFIER = com.hakanor.CronicaClone;
				PRODUCT_NAME = "$(TARGET_NAME)";
				SUPPORTED_PLATFORMS = "iphoneos iphonesimulator";
				SUPPORTS_MACCATALYST = NO;
				SUPPORTS_MAC_DESIGNED_FOR_IPHONE_IPAD = NO;
				SUPPORTS_XR_DESIGNED_FOR_IPHONE_IPAD = NO;
				SWIFT_EMIT_LOC_STRINGS = YES;
				SWIFT_VERSION = 5.0;
				TARGETED_DEVICE_FAMILY = 1;
			};
			name = Release;
		};
		A70B3F802BEE329800B975B0 /* Debug */ = {
			isa = XCBuildConfiguration;
			buildSettings = {
				ALWAYS_EMBED_SWIFT_STANDARD_LIBRARIES = YES;
				BUNDLE_LOADER = "$(TEST_HOST)";
				CODE_SIGN_STYLE = Automatic;
				CURRENT_PROJECT_VERSION = 1;
				DEVELOPMENT_TEAM = RZB5WTQ7UH;
				GENERATE_INFOPLIST_FILE = YES;
				IPHONEOS_DEPLOYMENT_TARGET = 17.2;
				MARKETING_VERSION = 1.0;
				PRODUCT_BUNDLE_IDENTIFIER = com.hakanor.CronicaCloneTests;
				PRODUCT_NAME = "$(TARGET_NAME)";
				SWIFT_EMIT_LOC_STRINGS = NO;
				SWIFT_VERSION = 5.0;
				TARGETED_DEVICE_FAMILY = "1,2";
				TEST_HOST = "$(BUILT_PRODUCTS_DIR)/CronicaClone.app/$(BUNDLE_EXECUTABLE_FOLDER_PATH)/CronicaClone";
			};
			name = Debug;
		};
		A70B3F812BEE329800B975B0 /* Release */ = {
			isa = XCBuildConfiguration;
			buildSettings = {
				ALWAYS_EMBED_SWIFT_STANDARD_LIBRARIES = YES;
				BUNDLE_LOADER = "$(TEST_HOST)";
				CODE_SIGN_STYLE = Automatic;
				CURRENT_PROJECT_VERSION = 1;
				DEVELOPMENT_TEAM = RZB5WTQ7UH;
				GENERATE_INFOPLIST_FILE = YES;
				IPHONEOS_DEPLOYMENT_TARGET = 17.2;
				MARKETING_VERSION = 1.0;
				PRODUCT_BUNDLE_IDENTIFIER = com.hakanor.CronicaCloneTests;
				PRODUCT_NAME = "$(TARGET_NAME)";
				SWIFT_EMIT_LOC_STRINGS = NO;
				SWIFT_VERSION = 5.0;
				TARGETED_DEVICE_FAMILY = "1,2";
				TEST_HOST = "$(BUILT_PRODUCTS_DIR)/CronicaClone.app/$(BUNDLE_EXECUTABLE_FOLDER_PATH)/CronicaClone";
			};
			name = Release;
		};
		A70B3F832BEE329800B975B0 /* Debug */ = {
			isa = XCBuildConfiguration;
			buildSettings = {
				ALWAYS_EMBED_SWIFT_STANDARD_LIBRARIES = YES;
				CODE_SIGN_STYLE = Automatic;
				CURRENT_PROJECT_VERSION = 1;
				DEVELOPMENT_TEAM = RZB5WTQ7UH;
				GENERATE_INFOPLIST_FILE = YES;
				MARKETING_VERSION = 1.0;
				PRODUCT_BUNDLE_IDENTIFIER = com.hakanor.CronicaCloneUITests;
				PRODUCT_NAME = "$(TARGET_NAME)";
				SWIFT_EMIT_LOC_STRINGS = NO;
				SWIFT_VERSION = 5.0;
				TARGETED_DEVICE_FAMILY = "1,2";
				TEST_TARGET_NAME = CronicaClone;
			};
			name = Debug;
		};
		A70B3F842BEE329800B975B0 /* Release */ = {
			isa = XCBuildConfiguration;
			buildSettings = {
				ALWAYS_EMBED_SWIFT_STANDARD_LIBRARIES = YES;
				CODE_SIGN_STYLE = Automatic;
				CURRENT_PROJECT_VERSION = 1;
				DEVELOPMENT_TEAM = RZB5WTQ7UH;
				GENERATE_INFOPLIST_FILE = YES;
				MARKETING_VERSION = 1.0;
				PRODUCT_BUNDLE_IDENTIFIER = com.hakanor.CronicaCloneUITests;
				PRODUCT_NAME = "$(TARGET_NAME)";
				SWIFT_EMIT_LOC_STRINGS = NO;
				SWIFT_VERSION = 5.0;
				TARGETED_DEVICE_FAMILY = "1,2";
				TEST_TARGET_NAME = CronicaClone;
			};
			name = Release;
		};
/* End XCBuildConfiguration section */

/* Begin XCConfigurationList section */
		A70B3F4D2BEE329600B975B0 /* Build configuration list for PBXProject "CronicaClone" */ = {
			isa = XCConfigurationList;
			buildConfigurations = (
				A70B3F7A2BEE329800B975B0 /* Debug */,
				A70B3F7B2BEE329800B975B0 /* Release */,
			);
			defaultConfigurationIsVisible = 0;
			defaultConfigurationName = Release;
		};
		A70B3F7C2BEE329800B975B0 /* Build configuration list for PBXNativeTarget "CronicaClone" */ = {
			isa = XCConfigurationList;
			buildConfigurations = (
				A70B3F7D2BEE329800B975B0 /* Debug */,
				A70B3F7E2BEE329800B975B0 /* Release */,
			);
			defaultConfigurationIsVisible = 0;
			defaultConfigurationName = Release;
		};
		A70B3F7F2BEE329800B975B0 /* Build configuration list for PBXNativeTarget "CronicaCloneTests" */ = {
			isa = XCConfigurationList;
			buildConfigurations = (
				A70B3F802BEE329800B975B0 /* Debug */,
				A70B3F812BEE329800B975B0 /* Release */,
			);
			defaultConfigurationIsVisible = 0;
			defaultConfigurationName = Release;
		};
		A70B3F822BEE329800B975B0 /* Build configuration list for PBXNativeTarget "CronicaCloneUITests" */ = {
			isa = XCConfigurationList;
			buildConfigurations = (
				A70B3F832BEE329800B975B0 /* Debug */,
				A70B3F842BEE329800B975B0 /* Release */,
			);
			defaultConfigurationIsVisible = 0;
			defaultConfigurationName = Release;
		};
/* End XCConfigurationList section */
	};
	rootObject = A70B3F4A2BEE329600B975B0 /* Project object */;
}
